
Microsoft Visual Studio Solution File, Format Version 11.00
# Visual Studio 2010
Project("{FAE04EC0-301F-11D3-BF4B-00C04F79EFBC}") = "cs335-chomp", "Assembly-CSharp.csproj", "{BCAEEAC7-FD3B-EBB6-8857-5478B61CC404}"
EndProject
Global
	GlobalSection(SolutionConfigurationPlatforms) = preSolution
		Debug|Any CPU = Debug|Any CPU
		Release|Any CPU = Release|Any CPU
	EndGlobalSection
	GlobalSection(ProjectConfigurationPlatforms) = postSolution
		{BCAEEAC7-FD3B-EBB6-8857-5478B61CC404}.Debug|Any CPU.ActiveCfg = Debug|Any CPU
		{BCAEEAC7-FD3B-EBB6-8857-5478B61CC404}.Debug|Any CPU.Build.0 = Debug|Any CPU
		{BCAEEAC7-FD3B-EBB6-8857-5478B61CC404}.Release|Any CPU.ActiveCfg = Release|Any CPU
		{BCAEEAC7-FD3B-EBB6-8857-5478B61CC404}.Release|Any CPU.Build.0 = Release|Any CPU
	EndGlobalSection
	GlobalSection(SolutionProperties) = preSolution
		HideSolutionNode = FALSE
	EndGlobalSection
	GlobalSection(MonoDevelopProperties) = preSolution
		StartupItem = Assembly-CSharp.csproj
	EndGlobalSection
EndGlobal
